
Microsoft Visual Studio Solution File, Format Version 12.00
# Visual Studio Version 16
VisualStudioVersion = 16.0.29806.167
MinimumVisualStudioVersion = 10.0.40219.1
Project("{FAE04EC0-301F-11D3-BF4B-00C04F79EFBC}") = "cg_proj2", "cg_proj2.csproj", "{576DBA00-4560-49C9-AAA8-53870EFBCFE2}"
EndProject
Global
	GlobalSection(SolutionConfigurationPlatforms) = preSolution
		Debug|Any CPU = Debug|Any CPU
		Release|Any CPU = Release|Any CPU
	EndGlobalSection
	GlobalSection(ProjectConfigurationPlatforms) = postSolution
		{576DBA00-4560-49C9-AAA8-53870EFBCFE2}.Debug|Any CPU.ActiveCfg = Debug|Any CPU
		{576DBA00-4560-49C9-AAA8-53870EFBCFE2}.Debug|Any CPU.Build.0 = Debug|Any CPU
		{576DBA00-4560-49C9-AAA8-53870EFBCFE2}.Release|Any CPU.ActiveCfg = Release|Any CPU
		{576DBA00-4560-49C9-AAA8-53870EFBCFE2}.Release|Any CPU.Build.0 = Release|Any CPU
	EndGlobalSection
	GlobalSection(SolutionProperties) = preSolution
		HideSolutionNode = FALSE
	EndGlobalSection
	GlobalSection(ExtensibilityGlobals) = postSolution
		SolutionGuid = {B1779BA2-C5E6-40C4-8592-7ACE48BFB2A4}
	EndGlobalSection
EndGlobal
